
Microsoft Visual Studio Solution File, Format Version 12.00
# Visual Studio Version 16
VisualStudioVersion = 16.0.30114.105
MinimumVisualStudioVersion = 10.0.40219.1
Project("{FAE04EC0-301F-11D3-BF4B-00C04F79EFBC}") = "Common", "Common\Common.csproj", "{E232125E-D923-4A15-8353-98F617770656}"
EndProject
Project("{FAE04EC0-301F-11D3-BF4B-00C04F79EFBC}") = "Day02", "Day02\Day02.csproj", "{74C0EADC-EAAA-4996-A6DF-A5B3662D8CE9}"
EndProject
Project("{FAE04EC0-301F-11D3-BF4B-00C04F79EFBC}") = "Day02tests", "Day02\tests\tests.csproj", "{277DC4BE-7C94-4387-A639-36FD946A5E64}"
EndProject
Project("{FAE04EC0-301F-11D3-BF4B-00C04F79EFBC}") = "Day03", "Day03\Day03.csproj", "{42BE6CE2-8E3F-460A-B597-7F45A6BC2F8D}"
EndProject
Project("{FAE04EC0-301F-11D3-BF4B-00C04F79EFBC}") = "Day03tests", "Day03\tests\tests.csproj", "{4C746F45-7F5D-4A06-8869-7D6E53A08448}"
EndProject
Project("{2150E333-8FDC-42A3-9474-1A3956D46DE8}") = "Day04", "Day04", "{FD043973-CDC8-460D-9863-8236A235DBDA}"
EndProject
Project("{FAE04EC0-301F-11D3-BF4B-00C04F79EFBC}") = "Day04Tests", "Day04\tests\Day04Tests.csproj", "{0A4A69D2-C064-4FBC-ABA1-9953CE62BBE6}"
EndProject
Project("{2150E333-8FDC-42A3-9474-1A3956D46DE8}") = "Day05", "Day05", "{6FE95790-9D25-4D35-983D-E77B87EE6863}"
EndProject
Project("{FAE04EC0-301F-11D3-BF4B-00C04F79EFBC}") = "Day05Tests", "Day05\tests\Day05Tests.csproj", "{10A5AE6C-1F08-448E-B46B-3E57917F33B7}"
EndProject
Project("{2150E333-8FDC-42A3-9474-1A3956D46DE8}") = "Day06", "Day06", "{68DBFBD2-2EE1-41AC-9010-EA105D7932D4}"
EndProject
Project("{FAE04EC0-301F-11D3-BF4B-00C04F79EFBC}") = "Day06Tests", "Day06\tests\Day06Tests.csproj", "{4A9EA333-FEF6-4260-BD17-F86770A36051}"
EndProject
Project("{2150E333-8FDC-42A3-9474-1A3956D46DE8}") = "Day07", "Day07", "{96767DB7-44F7-49BB-BC43-C4566EC6D6A2}"
EndProject
Project("{FAE04EC0-301F-11D3-BF4B-00C04F79EFBC}") = "Day07Tests", "Day07\tests\Day07Tests.csproj", "{FCD539D3-05FA-4CDF-981C-DEA1216FB258}"
EndProject
Project("{2150E333-8FDC-42A3-9474-1A3956D46DE8}") = "Day08", "Day08", "{4846CA27-9913-48C6-8A07-93F0ABD20F89}"
EndProject
Project("{FAE04EC0-301F-11D3-BF4B-00C04F79EFBC}") = "Day08Tests", "Day08\tests\Day08Tests.csproj", "{7D534E2F-9AA3-43E0-8405-B78EE0DB15F2}"
EndProject
Global
	GlobalSection(SolutionConfigurationPlatforms) = preSolution
		Debug|Any CPU = Debug|Any CPU
		Release|Any CPU = Release|Any CPU
	EndGlobalSection
	GlobalSection(SolutionProperties) = preSolution
		HideSolutionNode = FALSE
	EndGlobalSection
	GlobalSection(ProjectConfigurationPlatforms) = postSolution
		{E232125E-D923-4A15-8353-98F617770656}.Debug|Any CPU.ActiveCfg = Debug|Any CPU
		{E232125E-D923-4A15-8353-98F617770656}.Debug|Any CPU.Build.0 = Debug|Any CPU
		{E232125E-D923-4A15-8353-98F617770656}.Release|Any CPU.ActiveCfg = Release|Any CPU
		{E232125E-D923-4A15-8353-98F617770656}.Release|Any CPU.Build.0 = Release|Any CPU
		{74C0EADC-EAAA-4996-A6DF-A5B3662D8CE9}.Debug|Any CPU.ActiveCfg = Debug|Any CPU
		{74C0EADC-EAAA-4996-A6DF-A5B3662D8CE9}.Debug|Any CPU.Build.0 = Debug|Any CPU
		{74C0EADC-EAAA-4996-A6DF-A5B3662D8CE9}.Release|Any CPU.ActiveCfg = Release|Any CPU
		{74C0EADC-EAAA-4996-A6DF-A5B3662D8CE9}.Release|Any CPU.Build.0 = Release|Any CPU
		{277DC4BE-7C94-4387-A639-36FD946A5E64}.Debug|Any CPU.ActiveCfg = Debug|Any CPU
		{277DC4BE-7C94-4387-A639-36FD946A5E64}.Debug|Any CPU.Build.0 = Debug|Any CPU
		{277DC4BE-7C94-4387-A639-36FD946A5E64}.Release|Any CPU.ActiveCfg = Release|Any CPU
		{277DC4BE-7C94-4387-A639-36FD946A5E64}.Release|Any CPU.Build.0 = Release|Any CPU
		{42BE6CE2-8E3F-460A-B597-7F45A6BC2F8D}.Debug|Any CPU.ActiveCfg = Debug|Any CPU
		{42BE6CE2-8E3F-460A-B597-7F45A6BC2F8D}.Debug|Any CPU.Build.0 = Debug|Any CPU
		{42BE6CE2-8E3F-460A-B597-7F45A6BC2F8D}.Release|Any CPU.ActiveCfg = Release|Any CPU
		{42BE6CE2-8E3F-460A-B597-7F45A6BC2F8D}.Release|Any CPU.Build.0 = Release|Any CPU
		{4C746F45-7F5D-4A06-8869-7D6E53A08448}.Debug|Any CPU.ActiveCfg = Debug|Any CPU
		{4C746F45-7F5D-4A06-8869-7D6E53A08448}.Debug|Any CPU.Build.0 = Debug|Any CPU
		{4C746F45-7F5D-4A06-8869-7D6E53A08448}.Release|Any CPU.ActiveCfg = Release|Any CPU
		{4C746F45-7F5D-4A06-8869-7D6E53A08448}.Release|Any CPU.Build.0 = Release|Any CPU
		{0A4A69D2-C064-4FBC-ABA1-9953CE62BBE6}.Debug|Any CPU.ActiveCfg = Debug|Any CPU
		{0A4A69D2-C064-4FBC-ABA1-9953CE62BBE6}.Debug|Any CPU.Build.0 = Debug|Any CPU
		{0A4A69D2-C064-4FBC-ABA1-9953CE62BBE6}.Release|Any CPU.ActiveCfg = Release|Any CPU
		{0A4A69D2-C064-4FBC-ABA1-9953CE62BBE6}.Release|Any CPU.Build.0 = Release|Any CPU
		{10A5AE6C-1F08-448E-B46B-3E57917F33B7}.Debug|Any CPU.ActiveCfg = Debug|Any CPU
		{10A5AE6C-1F08-448E-B46B-3E57917F33B7}.Debug|Any CPU.Build.0 = Debug|Any CPU
		{10A5AE6C-1F08-448E-B46B-3E57917F33B7}.Release|Any CPU.ActiveCfg = Release|Any CPU
		{10A5AE6C-1F08-448E-B46B-3E57917F33B7}.Release|Any CPU.Build.0 = Release|Any CPU
		{4A9EA333-FEF6-4260-BD17-F86770A36051}.Debug|Any CPU.ActiveCfg = Debug|Any CPU
		{4A9EA333-FEF6-4260-BD17-F86770A36051}.Debug|Any CPU.Build.0 = Debug|Any CPU
		{4A9EA333-FEF6-4260-BD17-F86770A36051}.Release|Any CPU.ActiveCfg = Release|Any CPU
		{4A9EA333-FEF6-4260-BD17-F86770A36051}.Release|Any CPU.Build.0 = Release|Any CPU
		{FCD539D3-05FA-4CDF-981C-DEA1216FB258}.Debug|Any CPU.ActiveCfg = Debug|Any CPU
		{FCD539D3-05FA-4CDF-981C-DEA1216FB258}.Debug|Any CPU.Build.0 = Debug|Any CPU
		{FCD539D3-05FA-4CDF-981C-DEA1216FB258}.Release|Any CPU.ActiveCfg = Release|Any CPU
		{FCD539D3-05FA-4CDF-981C-DEA1216FB258}.Release|Any CPU.Build.0 = Release|Any CPU
		{7D534E2F-9AA3-43E0-8405-B78EE0DB15F2}.Debug|Any CPU.ActiveCfg = Debug|Any CPU
		{7D534E2F-9AA3-43E0-8405-B78EE0DB15F2}.Debug|Any CPU.Build.0 = Debug|Any CPU
		{7D534E2F-9AA3-43E0-8405-B78EE0DB15F2}.Release|Any CPU.ActiveCfg = Release|Any CPU
		{7D534E2F-9AA3-43E0-8405-B78EE0DB15F2}.Release|Any CPU.Build.0 = Release|Any CPU
	EndGlobalSection
	GlobalSection(NestedProjects) = preSolution
		{0A4A69D2-C064-4FBC-ABA1-9953CE62BBE6} = {FD043973-CDC8-460D-9863-8236A235DBDA}
		{10A5AE6C-1F08-448E-B46B-3E57917F33B7} = {6FE95790-9D25-4D35-983D-E77B87EE6863}
		{4A9EA333-FEF6-4260-BD17-F86770A36051} = {68DBFBD2-2EE1-41AC-9010-EA105D7932D4}
		{FCD539D3-05FA-4CDF-981C-DEA1216FB258} = {96767DB7-44F7-49BB-BC43-C4566EC6D6A2}
		{7D534E2F-9AA3-43E0-8405-B78EE0DB15F2} = {4846CA27-9913-48C6-8A07-93F0ABD20F89}
	EndGlobalSection
EndGlobal
