
Microsoft Visual Studio Solution File, Format Version 12.00
# Visual Studio Version 16
VisualStudioVersion = 16.0.30114.105
MinimumVisualStudioVersion = 10.0.40219.1
Project("{FAE04EC0-301F-11D3-BF4B-00C04F79EFBC}") = "Common", "Common\Common.csproj", "{E232125E-D923-4A15-8353-98F617770656}"
EndProject
Project("{FAE04EC0-301F-11D3-BF4B-00C04F79EFBC}") = "Day02", "Day02\Day02.csproj", "{74C0EADC-EAAA-4996-A6DF-A5B3662D8CE9}"
EndProject
Project("{FAE04EC0-301F-11D3-BF4B-00C04F79EFBC}") = "Day02tests", "Day02\tests\tests.csproj", "{277DC4BE-7C94-4387-A639-36FD946A5E64}"
EndProject
Project("{FAE04EC0-301F-11D3-BF4B-00C04F79EFBC}") = "Day03", "Day03\Day03.csproj", "{42BE6CE2-8E3F-460A-B597-7F45A6BC2F8D}"
EndProject
Project("{FAE04EC0-301F-11D3-BF4B-00C04F79EFBC}") = "Day03tests", "Day03\tests\tests.csproj", "{4C746F45-7F5D-4A06-8869-7D6E53A08448}"
EndProject
Global
	GlobalSection(SolutionConfigurationPlatforms) = preSolution
		Debug|Any CPU = Debug|Any CPU
		Release|Any CPU = Release|Any CPU
	EndGlobalSection
	GlobalSection(SolutionProperties) = preSolution
		HideSolutionNode = FALSE
	EndGlobalSection
	GlobalSection(ProjectConfigurationPlatforms) = postSolution
		{E232125E-D923-4A15-8353-98F617770656}.Debug|Any CPU.ActiveCfg = Debug|Any CPU
		{E232125E-D923-4A15-8353-98F617770656}.Debug|Any CPU.Build.0 = Debug|Any CPU
		{E232125E-D923-4A15-8353-98F617770656}.Release|Any CPU.ActiveCfg = Release|Any CPU
		{E232125E-D923-4A15-8353-98F617770656}.Release|Any CPU.Build.0 = Release|Any CPU
		{74C0EADC-EAAA-4996-A6DF-A5B3662D8CE9}.Debug|Any CPU.ActiveCfg = Debug|Any CPU
		{74C0EADC-EAAA-4996-A6DF-A5B3662D8CE9}.Debug|Any CPU.Build.0 = Debug|Any CPU
		{74C0EADC-EAAA-4996-A6DF-A5B3662D8CE9}.Release|Any CPU.ActiveCfg = Release|Any CPU
		{74C0EADC-EAAA-4996-A6DF-A5B3662D8CE9}.Release|Any CPU.Build.0 = Release|Any CPU
		{277DC4BE-7C94-4387-A639-36FD946A5E64}.Debug|Any CPU.ActiveCfg = Debug|Any CPU
		{277DC4BE-7C94-4387-A639-36FD946A5E64}.Debug|Any CPU.Build.0 = Debug|Any CPU
		{277DC4BE-7C94-4387-A639-36FD946A5E64}.Release|Any CPU.ActiveCfg = Release|Any CPU
		{277DC4BE-7C94-4387-A639-36FD946A5E64}.Release|Any CPU.Build.0 = Release|Any CPU
		{42BE6CE2-8E3F-460A-B597-7F45A6BC2F8D}.Debug|Any CPU.ActiveCfg = Debug|Any CPU
		{42BE6CE2-8E3F-460A-B597-7F45A6BC2F8D}.Debug|Any CPU.Build.0 = Debug|Any CPU
		{42BE6CE2-8E3F-460A-B597-7F45A6BC2F8D}.Release|Any CPU.ActiveCfg = Release|Any CPU
		{42BE6CE2-8E3F-460A-B597-7F45A6BC2F8D}.Release|Any CPU.Build.0 = Release|Any CPU
		{4C746F45-7F5D-4A06-8869-7D6E53A08448}.Debug|Any CPU.ActiveCfg = Debug|Any CPU
		{4C746F45-7F5D-4A06-8869-7D6E53A08448}.Debug|Any CPU.Build.0 = Debug|Any CPU
		{4C746F45-7F5D-4A06-8869-7D6E53A08448}.Release|Any CPU.ActiveCfg = Release|Any CPU
		{4C746F45-7F5D-4A06-8869-7D6E53A08448}.Release|Any CPU.Build.0 = Release|Any CPU
	EndGlobalSection
	GlobalSection(NestedProjects) = preSolution
	EndGlobalSection
EndGlobal
